// !$*UTF8*$!
{
	archiveVersion = 1;
	classes = {
	};
	objectVersion = 50;
	objects = {

/* Begin PBXBuildFile section */
		D7888B6825CC408B0039174A /* FavoriteThingsApp.swift in Sources */ = {isa = PBXBuildFile; fileRef = D7888B6725CC408B0039174A /* FavoriteThingsApp.swift */; };
		D7888B6A25CC408B0039174A /* ContentView.swift in Sources */ = {isa = PBXBuildFile; fileRef = D7888B6925CC408B0039174A /* ContentView.swift */; };
		D7888B6C25CC40900039174A /* Assets.xcassets in Resources */ = {isa = PBXBuildFile; fileRef = D7888B6B25CC40900039174A /* Assets.xcassets */; };
		D7E139EC25D315B0000B93A4 /* Thing.swift in Sources */ = {isa = PBXBuildFile; fileRef = D7E139EB25D315B0000B93A4 /* Thing.swift */; };
		D7E139F025D31A00000B93A4 /* ThingDetail.swift in Sources */ = {isa = PBXBuildFile; fileRef = D7E139EF25D31A00000B93A4 /* ThingDetail.swift */; };
		D7E139F625D32534000B93A4 /* ListItem.swift in Sources */ = {isa = PBXBuildFile; fileRef = D7E139F525D32534000B93A4 /* ListItem.swift */; };
/* End PBXBuildFile section */

/* Begin PBXFileReference section */
		D7888B6425CC408B0039174A /* FavoriteThings.app */ = {isa = PBXFileReference; explicitFileType = wrapper.application; includeInIndex = 0; path = FavoriteThings.app; sourceTree = BUILT_PRODUCTS_DIR; };
		D7888B6725CC408B0039174A /* FavoriteThingsApp.swift */ = {isa = PBXFileReference; lastKnownFileType = sourcecode.swift; path = FavoriteThingsApp.swift; sourceTree = "<group>"; };
		D7888B6925CC408B0039174A /* ContentView.swift */ = {isa = PBXFileReference; lastKnownFileType = sourcecode.swift; path = ContentView.swift; sourceTree = "<group>"; };
		D7888B6B25CC40900039174A /* Assets.xcassets */ = {isa = PBXFileReference; lastKnownFileType = folder.assetcatalog; path = Assets.xcassets; sourceTree = "<group>"; };
		D7888B7025CC40900039174A /* Info.plist */ = {isa = PBXFileReference; lastKnownFileType = text.plist.xml; path = Info.plist; sourceTree = "<group>"; };
		D7E139EB25D315B0000B93A4 /* Thing.swift */ = {isa = PBXFileReference; lastKnownFileType = sourcecode.swift; path = Thing.swift; sourceTree = "<group>"; };
		D7E139EF25D31A00000B93A4 /* ThingDetail.swift */ = {isa = PBXFileReference; lastKnownFileType = sourcecode.swift; path = ThingDetail.swift; sourceTree = "<group>"; };
		D7E139F525D32534000B93A4 /* ListItem.swift */ = {isa = PBXFileReference; fileEncoding = 4; lastKnownFileType = sourcecode.swift; name = ListItem.swift; path = FavoriteThings/ListItem.swift; sourceTree = SOURCE_ROOT; };
/* End PBXFileReference section */

/* Begin PBXFrameworksBuildPhase section */
		D7888B6125CC408B0039174A /* Frameworks */ = {
			isa = PBXFrameworksBuildPhase;
			buildActionMask = 2147483647;
			files = (
			);
			runOnlyForDeploymentPostprocessing = 0;
		};
/* End PBXFrameworksBuildPhase section */

/* Begin PBXGroup section */
		D7888B5B25CC408A0039174A = {
			isa = PBXGroup;
			children = (
				D7888B6625CC408B0039174A /* FavoriteThings */,
				D7888B6525CC408B0039174A /* Products */,
			);
			sourceTree = "<group>";
		};
		D7888B6525CC408B0039174A /* Products */ = {
			isa = PBXGroup;
			children = (
				D7888B6425CC408B0039174A /* FavoriteThings.app */,
			);
			name = Products;
			sourceTree = "<group>";
		};
		D7888B6625CC408B0039174A /* FavoriteThings */ = {
			isa = PBXGroup;
			children = (
				D7E139EB25D315B0000B93A4 /* Thing.swift */,
				D7E139EF25D31A00000B93A4 /* ThingDetail.swift */,
				D7E139F525D32534000B93A4 /* ListItem.swift */,
				D7888B6725CC408B0039174A /* FavoriteThingsApp.swift */,
				D7888B6925CC408B0039174A /* ContentView.swift */,
				D7888B6B25CC40900039174A /* Assets.xcassets */,
				D7888B7025CC40900039174A /* Info.plist */,
				D7888B6D25CC40900039174A /* Preview Content */,
			);
			path = FavoriteThings;
			sourceTree = "<group>";
		};
		D7888B6D25CC40900039174A /* Preview Content */ = {
			isa = PBXGroup;
			children = (
			);
			path = "Preview Content";
			sourceTree = "<group>";
		};
/* End PBXGroup section */

/* Begin PBXNativeTarget section */
		D7888B6325CC408B0039174A /* FavoriteThings */ = {
			isa = PBXNativeTarget;
			buildConfigurationList = D7888B7325CC40900039174A /* Build configuration list for PBXNativeTarget "FavoriteThings" */;
			buildPhases = (
				D7888B6025CC408B0039174A /* Sources */,
				D7888B6125CC408B0039174A /* Frameworks */,
				D7888B6225CC408B0039174A /* Resources */,
			);
			buildRules = (
			);
			dependencies = (
			);
			name = FavoriteThings;
			productName = FavoriteThings;
			productReference = D7888B6425CC408B0039174A /* FavoriteThings.app */;
			productType = "com.apple.product-type.application";
		};
/* End PBXNativeTarget section */

/* Begin PBXProject section */
		D7888B5C25CC408A0039174A /* Project object */ = {
			isa = PBXProject;
			attributes = {
				LastSwiftUpdateCheck = 1230;
				LastUpgradeCheck = 1230;
				TargetAttributes = {
					D7888B6325CC408B0039174A = {
						CreatedOnToolsVersion = 12.3;
					};
				};
			};
			buildConfigurationList = D7888B5F25CC408B0039174A /* Build configuration list for PBXProject "FavoriteThings" */;
			compatibilityVersion = "Xcode 9.3";
			developmentRegion = en;
			hasScannedForEncodings = 0;
			knownRegions = (
				en,
				Base,
			);
			mainGroup = D7888B5B25CC408A0039174A;
			productRefGroup = D7888B6525CC408B0039174A /* Products */;
			projectDirPath = "";
			projectRoot = "";
			targets = (
				D7888B6325CC408B0039174A /* FavoriteThings */,
			);
		};
/* End PBXProject section */

/* Begin PBXResourcesBuildPhase section */
		D7888B6225CC408B0039174A /* Resources */ = {
			isa = PBXResourcesBuildPhase;
			buildActionMask = 2147483647;
			files = (
				D7888B6C25CC40900039174A /* Assets.xcassets in Resources */,
			);
			runOnlyForDeploymentPostprocessing = 0;
		};
/* End PBXResourcesBuildPhase section */

/* Begin PBXSourcesBuildPhase section */
		D7888B6025CC408B0039174A /* Sources */ = {
			isa = PBXSourcesBuildPhase;
			buildActionMask = 2147483647;
			files = (
				D7E139F625D32534000B93A4 /* ListItem.swift in Sources */,
				D7E139F025D31A00000B93A4 /* ThingDetail.swift in Sources */,
				D7E139EC25D315B0000B93A4 /* Thing.swift in Sources */,
				D7888B6A25CC408B0039174A /* ContentView.swift in Sources */,
				D7888B6825CC408B0039174A /* FavoriteThingsApp.swift in Sources */,
			);
			runOnlyForDeploymentPostprocessing = 0;
		};
/* End PBXSourcesBuildPhase section */

/* Begin XCBuildConfiguration section */
		D7888B7125CC40900039174A /* Debug */ = {
			isa = XCBuildConfiguration;
			buildSettings = {
				ALWAYS_SEARCH_USER_PATHS = NO;
				CLANG_ANALYZER_NONNULL = YES;
				CLANG_ANALYZER_NUMBER_OBJECT_CONVERSION = YES_AGGRESSIVE;
				CLANG_CXX_LANGUAGE_STANDARD = "gnu++14";
				CLANG_CXX_LIBRARY = "libc++";
				CLANG_ENABLE_MODULES = YES;
				CLANG_ENABLE_OBJC_ARC = YES;
				CLANG_ENABLE_OBJC_WEAK = YES;
				CLANG_WARN_BLOCK_CAPTURE_AUTORELEASING = YES;
				CLANG_WARN_BOOL_CONVERSION = YES;
				CLANG_WARN_COMMA = YES;
				CLANG_WARN_CONSTANT_CONVERSION = YES;
				CLANG_WARN_DEPRECATED_OBJC_IMPLEMENTATIONS = YES;
				CLANG_WARN_DIRECT_OBJC_ISA_USAGE = YES_ERROR;
				CLANG_WARN_DOCUMENTATION_COMMENTS = YES;
				CLANG_WARN_EMPTY_BODY = YES;
				CLANG_WARN_ENUM_CONVERSION = YES;
				CLANG_WARN_INFINITE_RECURSION = YES;
				CLANG_WARN_INT_CONVERSION = YES;
				CLANG_WARN_NON_LITERAL_NULL_CONVERSION = YES;
				CLANG_WARN_OBJC_IMPLICIT_RETAIN_SELF = YES;
				CLANG_WARN_OBJC_LITERAL_CONVERSION = YES;
				CLANG_WARN_OBJC_ROOT_CLASS = YES_ERROR;
				CLANG_WARN_QUOTED_INCLUDE_IN_FRAMEWORK_HEADER = YES;
				CLANG_WARN_RANGE_LOOP_ANALYSIS = YES;
				CLANG_WARN_STRICT_PROTOTYPES = YES;
				CLANG_WARN_SUSPICIOUS_MOVE = YES;
				CLANG_WARN_UNGUARDED_AVAILABILITY = YES_AGGRESSIVE;
				CLANG_WARN_UNREACHABLE_CODE = YES;
				CLANG_WARN__DUPLICATE_METHOD_MATCH = YES;
				COPY_PHASE_STRIP = NO;
				DEBUG_INFORMATION_FORMAT = dwarf;
				ENABLE_STRICT_OBJC_MSGSEND = YES;
				ENABLE_TESTABILITY = YES;
				GCC_C_LANGUAGE_STANDARD = gnu11;
				GCC_DYNAMIC_NO_PIC = NO;
				GCC_NO_COMMON_BLOCKS = YES;
				GCC_OPTIMIZATION_LEVEL = 0;
				GCC_PREPROCESSOR_DEFINITIONS = (
					"DEBUG=1",
					"$(inherited)",
				);
				GCC_WARN_64_TO_32_BIT_CONVERSION = YES;
				GCC_WARN_ABOUT_RETURN_TYPE = YES_ERROR;
				GCC_WARN_UNDECLARED_SELECTOR = YES;
				GCC_WARN_UNINITIALIZED_AUTOS = YES_AGGRESSIVE;
				GCC_WARN_UNUSED_FUNCTION = YES;
				GCC_WARN_UNUSED_VARIABLE = YES;
				IPHONEOS_DEPLOYMENT_TARGET = 14.3;
				MTL_ENABLE_DEBUG_INFO = INCLUDE_SOURCE;
				MTL_FAST_MATH = YES;
				ONLY_ACTIVE_ARCH = YES;
				SDKROOT = iphoneos;
				SWIFT_ACTIVE_COMPILATION_CONDITIONS = DEBUG;
				SWIFT_OPTIMIZATION_LEVEL = "-Onone";
			};
			name = Debug;
		};
		D7888B7225CC40900039174A /* Release */ = {
			isa = XCBuildConfiguration;
			buildSettings = {
				ALWAYS_SEARCH_USER_PATHS = NO;
				CLANG_ANALYZER_NONNULL = YES;
				CLANG_ANALYZER_NUMBER_OBJECT_CONVERSION = YES_AGGRESSIVE;
				CLANG_CXX_LANGUAGE_STANDARD = "gnu++14";
				CLANG_CXX_LIBRARY = "libc++";
				CLANG_ENABLE_MODULES = YES;
				CLANG_ENABLE_OBJC_ARC = YES;
				CLANG_ENABLE_OBJC_WEAK = YES;
				CLANG_WARN_BLOCK_CAPTURE_AUTORELEASING = YES;
				CLANG_WARN_BOOL_CONVERSION = YES;
				CLANG_WARN_COMMA = YES;
				CLANG_WARN_CONSTANT_CONVERSION = YES;
				CLANG_WARN_DEPRECATED_OBJC_IMPLEMENTATIONS = YES;
				CLANG_WARN_DIRECT_OBJC_ISA_USAGE = YES_ERROR;
				CLANG_WARN_DOCUMENTATION_COMMENTS = YES;
				CLANG_WARN_EMPTY_BODY = YES;
				CLANG_WARN_ENUM_CONVERSION = YES;
				CLANG_WARN_INFINITE_RECURSION = YES;
				CLANG_WARN_INT_CONVERSION = YES;
				CLANG_WARN_NON_LITERAL_NULL_CONVERSION = YES;
				CLANG_WARN_OBJC_IMPLICIT_RETAIN_SELF = YES;
				CLANG_WARN_OBJC_LITERAL_CONVERSION = YES;
				CLANG_WARN_OBJC_ROOT_CLASS = YES_ERROR;
				CLANG_WARN_QUOTED_INCLUDE_IN_FRAMEWORK_HEADER = YES;
				CLANG_WARN_RANGE_LOOP_ANALYSIS = YES;
				CLANG_WARN_STRICT_PROTOTYPES = YES;
				CLANG_WARN_SUSPICIOUS_MOVE = YES;
				CLANG_WARN_UNGUARDED_AVAILABILITY = YES_AGGRESSIVE;
				CLANG_WARN_UNREACHABLE_CODE = YES;
				CLANG_WARN__DUPLICATE_METHOD_MATCH = YES;
				COPY_PHASE_STRIP = NO;
				DEBUG_INFORMATION_FORMAT = "dwarf-with-dsym";
				ENABLE_NS_ASSERTIONS = NO;
				ENABLE_STRICT_OBJC_MSGSEND = YES;
				GCC_C_LANGUAGE_STANDARD = gnu11;
				GCC_NO_COMMON_BLOCKS = YES;
				GCC_WARN_64_TO_32_BIT_CONVERSION = YES;
				GCC_WARN_ABOUT_RETURN_TYPE = YES_ERROR;
				GCC_WARN_UNDECLARED_SELECTOR = YES;
				GCC_WARN_UNINITIALIZED_AUTOS = YES_AGGRESSIVE;
				GCC_WARN_UNUSED_FUNCTION = YES;
				GCC_WARN_UNUSED_VARIABLE = YES;
				IPHONEOS_DEPLOYMENT_TARGET = 14.3;
				MTL_ENABLE_DEBUG_INFO = NO;
				MTL_FAST_MATH = YES;
				SDKROOT = iphoneos;
				SWIFT_COMPILATION_MODE = wholemodule;
				SWIFT_OPTIMIZATION_LEVEL = "-O";
				VALIDATE_PRODUCT = YES;
			};
			name = Release;
		};
		D7888B7425CC40900039174A /* Debug */ = {
			isa = XCBuildConfiguration;
			buildSettings = {
				ASSETCATALOG_COMPILER_APPICON_NAME = AppIcon;
				ASSETCATALOG_COMPILER_GLOBAL_ACCENT_COLOR_NAME = AccentColor;
				CODE_SIGN_STYLE = Automatic;
				DEVELOPMENT_ASSET_PATHS = "\"FavoriteThings/Preview Content\"";
				DEVELOPMENT_TEAM = GLLK6ZL2B5;
				ENABLE_PREVIEWS = YES;
				INFOPLIST_FILE = FavoriteThings/Info.plist;
				IPHONEOS_DEPLOYMENT_TARGET = 14.0;
				LD_RUNPATH_SEARCH_PATHS = (
					"$(inherited)",
					"@executable_path/Frameworks",
				);
				PRODUCT_BUNDLE_IDENTIFIER = ca.benjaminfreeman.FavoriteThings;
				PRODUCT_NAME = "$(TARGET_NAME)";
				SWIFT_VERSION = 5.0;
				TARGETED_DEVICE_FAMILY = "1,2";
			};
			name = Debug;
		};
		D7888B7525CC40900039174A /* Release */ = {
			isa = XCBuildConfiguration;
			buildSettings = {
				ASSETCATALOG_COMPILER_APPICON_NAME = AppIcon;
				ASSETCATALOG_COMPILER_GLOBAL_ACCENT_COLOR_NAME = AccentColor;
				CODE_SIGN_STYLE = Automatic;
				DEVELOPMENT_ASSET_PATHS = "\"FavoriteThings/Preview Content\"";
				DEVELOPMENT_TEAM = GLLK6ZL2B5;
				ENABLE_PREVIEWS = YES;
				INFOPLIST_FILE = FavoriteThings/Info.plist;
				IPHONEOS_DEPLOYMENT_TARGET = 14.0;
				LD_RUNPATH_SEARCH_PATHS = (
					"$(inherited)",
					"@executable_path/Frameworks",
				);
				PRODUCT_BUNDLE_IDENTIFIER = ca.benjaminfreeman.FavoriteThings;
				PRODUCT_NAME = "$(TARGET_NAME)";
				SWIFT_VERSION = 5.0;
				TARGETED_DEVICE_FAMILY = "1,2";
			};
			name = Release;
		};
/* End XCBuildConfiguration section */

/* Begin XCConfigurationList section */
		D7888B5F25CC408B0039174A /* Build configuration list for PBXProject "FavoriteThings" */ = {
			isa = XCConfigurationList;
			buildConfigurations = (
				D7888B7125CC40900039174A /* Debug */,
				D7888B7225CC40900039174A /* Release */,
			);
			defaultConfigurationIsVisible = 0;
			defaultConfigurationName = Release;
		};
		D7888B7325CC40900039174A /* Build configuration list for PBXNativeTarget "FavoriteThings" */ = {
			isa = XCConfigurationList;
			buildConfigurations = (
				D7888B7425CC40900039174A /* Debug */,
				D7888B7525CC40900039174A /* Release */,
			);
			defaultConfigurationIsVisible = 0;
			defaultConfigurationName = Release;
		};
/* End XCConfigurationList section */
	};
	rootObject = D7888B5C25CC408A0039174A /* Project object */;
}
